
Microsoft Visual Studio Solution File, Format Version 12.00
# Visual Studio Version 17
VisualStudioVersion = 17.9.34728.123
MinimumVisualStudioVersion = 10.0.40219.1
Project("{8BC9CEB8-8B4A-11D0-8D11-00A0C91BC942}") = "Bai02", "Bai02\Bai02.vcxproj", "{68591D7E-660D-4940-B2E4-95DD391B3B02}"
EndProject
Project("{8BC9CEB8-8B4A-11D0-8D11-00A0C91BC942}") = "Bai03", "Bai03\Bai03.vcxproj", "{3E987508-1019-4A05-A0B9-7F25E2CA4899}"
EndProject
Project("{8BC9CEB8-8B4A-11D0-8D11-00A0C91BC942}") = "Bai04", "Bai04\Bai04.vcxproj", "{615AC470-6E75-48DC-9026-51E0A8A26EEC}"
EndProject
Project("{8BC9CEB8-8B4A-11D0-8D11-00A0C91BC942}") = "Bai05", "Bai05\Bai05.vcxproj", "{9AF71C1F-FC85-4BBF-B8CE-C4BFFEA7613C}"
EndProject
Project("{8BC9CEB8-8B4A-11D0-8D11-00A0C91BC942}") = "Bai06", "Bai06\Bai06.vcxproj", "{81864BA4-9C36-4611-9F68-A66909B84250}"
EndProject
Project("{8BC9CEB8-8B4A-11D0-8D11-00A0C91BC942}") = "Bai07", "Bai07\Bai07.vcxproj", "{580AF8C5-D292-4605-820D-0ACC97361B01}"
EndProject
Project("{8BC9CEB8-8B4A-11D0-8D11-00A0C91BC942}") = "Bai08", "Bai08\Bai08.vcxproj", "{BD491B99-5B72-47B8-8242-5404C8633C9F}"
EndProject
Project("{8BC9CEB8-8B4A-11D0-8D11-00A0C91BC942}") = "Bai09", "Bai09\Bai09.vcxproj", "{20F4CDF6-AA70-44E6-A5B6-1DFD86D15FDA}"
EndProject
Project("{8BC9CEB8-8B4A-11D0-8D11-00A0C91BC942}") = "Bai10", "Bai10\Bai10.vcxproj", "{B43E9F13-8932-4318-8B07-040D60B5888E}"
EndProject
Project("{8BC9CEB8-8B4A-11D0-8D11-00A0C91BC942}") = "Bai11", "Bai11\Bai11.vcxproj", "{20F817B5-010D-4724-B689-45215AB13EBB}"
EndProject
Project("{8BC9CEB8-8B4A-11D0-8D11-00A0C91BC942}") = "Bai12", "Bai12\Bai12.vcxproj", "{6320CD36-6700-4A61-913D-BCD7E31EB39A}"
EndProject
Project("{8BC9CEB8-8B4A-11D0-8D11-00A0C91BC942}") = "Bai13", "Bai13\Bai13.vcxproj", "{67C55EB7-B1FB-4ECC-A193-C928EC7A9CBA}"
EndProject
Project("{8BC9CEB8-8B4A-11D0-8D11-00A0C91BC942}") = "Bai14", "Bai14\Bai14.vcxproj", "{EFF3427A-4EFA-473F-9487-1B958D3A7A06}"
EndProject
Project("{8BC9CEB8-8B4A-11D0-8D11-00A0C91BC942}") = "Bai15", "Bai15\Bai15.vcxproj", "{85837660-1E6A-43CB-BB64-3FBC65281285}"
EndProject
Project("{8BC9CEB8-8B4A-11D0-8D11-00A0C91BC942}") = "Bai16", "Bai16\Bai16.vcxproj", "{14CFF950-D031-496C-B401-7DEA7C906040}"
EndProject
Project("{8BC9CEB8-8B4A-11D0-8D11-00A0C91BC942}") = "Bai17", "Bai17\Bai17.vcxproj", "{A2862ADF-09DF-474D-9167-FDB695A73601}"
EndProject
Project("{8BC9CEB8-8B4A-11D0-8D11-00A0C91BC942}") = "Bai18", "Bai18\Bai18.vcxproj", "{368F3BFF-7F1D-4D8C-B6E5-51C3B034AEF4}"
EndProject
Project("{8BC9CEB8-8B4A-11D0-8D11-00A0C91BC942}") = "Bai01", "Bai01\Bai01.vcxproj", "{3227BAFA-8D68-4E62-B843-7C847173B233}"
EndProject
Global
	GlobalSection(SolutionConfigurationPlatforms) = preSolution
		Debug|x64 = Debug|x64
		Debug|x86 = Debug|x86
		Release|x64 = Release|x64
		Release|x86 = Release|x86
	EndGlobalSection
	GlobalSection(ProjectConfigurationPlatforms) = postSolution
		{68591D7E-660D-4940-B2E4-95DD391B3B02}.Debug|x64.ActiveCfg = Debug|x64
		{68591D7E-660D-4940-B2E4-95DD391B3B02}.Debug|x64.Build.0 = Debug|x64
		{68591D7E-660D-4940-B2E4-95DD391B3B02}.Debug|x86.ActiveCfg = Debug|Win32
		{68591D7E-660D-4940-B2E4-95DD391B3B02}.Debug|x86.Build.0 = Debug|Win32
		{68591D7E-660D-4940-B2E4-95DD391B3B02}.Release|x64.ActiveCfg = Release|x64
		{68591D7E-660D-4940-B2E4-95DD391B3B02}.Release|x64.Build.0 = Release|x64
		{68591D7E-660D-4940-B2E4-95DD391B3B02}.Release|x86.ActiveCfg = Release|Win32
		{68591D7E-660D-4940-B2E4-95DD391B3B02}.Release|x86.Build.0 = Release|Win32
		{3E987508-1019-4A05-A0B9-7F25E2CA4899}.Debug|x64.ActiveCfg = Debug|x64
		{3E987508-1019-4A05-A0B9-7F25E2CA4899}.Debug|x64.Build.0 = Debug|x64
		{3E987508-1019-4A05-A0B9-7F25E2CA4899}.Debug|x86.ActiveCfg = Debug|Win32
		{3E987508-1019-4A05-A0B9-7F25E2CA4899}.Debug|x86.Build.0 = Debug|Win32
		{3E987508-1019-4A05-A0B9-7F25E2CA4899}.Release|x64.ActiveCfg = Release|x64
		{3E987508-1019-4A05-A0B9-7F25E2CA4899}.Release|x64.Build.0 = Release|x64
		{3E987508-1019-4A05-A0B9-7F25E2CA4899}.Release|x86.ActiveCfg = Release|Win32
		{3E987508-1019-4A05-A0B9-7F25E2CA4899}.Release|x86.Build.0 = Release|Win32
		{615AC470-6E75-48DC-9026-51E0A8A26EEC}.Debug|x64.ActiveCfg = Debug|x64
		{615AC470-6E75-48DC-9026-51E0A8A26EEC}.Debug|x64.Build.0 = Debug|x64
		{615AC470-6E75-48DC-9026-51E0A8A26EEC}.Debug|x86.ActiveCfg = Debug|Win32
		{615AC470-6E75-48DC-9026-51E0A8A26EEC}.Debug|x86.Build.0 = Debug|Win32
		{615AC470-6E75-48DC-9026-51E0A8A26EEC}.Release|x64.ActiveCfg = Release|x64
		{615AC470-6E75-48DC-9026-51E0A8A26EEC}.Release|x64.Build.0 = Release|x64
		{615AC470-6E75-48DC-9026-51E0A8A26EEC}.Release|x86.ActiveCfg = Release|Win32
		{615AC470-6E75-48DC-9026-51E0A8A26EEC}.Release|x86.Build.0 = Release|Win32
		{9AF71C1F-FC85-4BBF-B8CE-C4BFFEA7613C}.Debug|x64.ActiveCfg = Debug|x64
		{9AF71C1F-FC85-4BBF-B8CE-C4BFFEA7613C}.Debug|x64.Build.0 = Debug|x64
		{9AF71C1F-FC85-4BBF-B8CE-C4BFFEA7613C}.Debug|x86.ActiveCfg = Debug|Win32
		{9AF71C1F-FC85-4BBF-B8CE-C4BFFEA7613C}.Debug|x86.Build.0 = Debug|Win32
		{9AF71C1F-FC85-4BBF-B8CE-C4BFFEA7613C}.Release|x64.ActiveCfg = Release|x64
		{9AF71C1F-FC85-4BBF-B8CE-C4BFFEA7613C}.Release|x64.Build.0 = Release|x64
		{9AF71C1F-FC85-4BBF-B8CE-C4BFFEA7613C}.Release|x86.ActiveCfg = Release|Win32
		{9AF71C1F-FC85-4BBF-B8CE-C4BFFEA7613C}.Release|x86.Build.0 = Release|Win32
		{81864BA4-9C36-4611-9F68-A66909B84250}.Debug|x64.ActiveCfg = Debug|x64
		{81864BA4-9C36-4611-9F68-A66909B84250}.Debug|x64.Build.0 = Debug|x64
		{81864BA4-9C36-4611-9F68-A66909B84250}.Debug|x86.ActiveCfg = Debug|Win32
		{81864BA4-9C36-4611-9F68-A66909B84250}.Debug|x86.Build.0 = Debug|Win32
		{81864BA4-9C36-4611-9F68-A66909B84250}.Release|x64.ActiveCfg = Release|x64
		{81864BA4-9C36-4611-9F68-A66909B84250}.Release|x64.Build.0 = Release|x64
		{81864BA4-9C36-4611-9F68-A66909B84250}.Release|x86.ActiveCfg = Release|Win32
		{81864BA4-9C36-4611-9F68-A66909B84250}.Release|x86.Build.0 = Release|Win32
		{580AF8C5-D292-4605-820D-0ACC97361B01}.Debug|x64.ActiveCfg = Debug|x64
		{580AF8C5-D292-4605-820D-0ACC97361B01}.Debug|x64.Build.0 = Debug|x64
		{580AF8C5-D292-4605-820D-0ACC97361B01}.Debug|x86.ActiveCfg = Debug|Win32
		{580AF8C5-D292-4605-820D-0ACC97361B01}.Debug|x86.Build.0 = Debug|Win32
		{580AF8C5-D292-4605-820D-0ACC97361B01}.Release|x64.ActiveCfg = Release|x64
		{580AF8C5-D292-4605-820D-0ACC97361B01}.Release|x64.Build.0 = Release|x64
		{580AF8C5-D292-4605-820D-0ACC97361B01}.Release|x86.ActiveCfg = Release|Win32
		{580AF8C5-D292-4605-820D-0ACC97361B01}.Release|x86.Build.0 = Release|Win32
		{BD491B99-5B72-47B8-8242-5404C8633C9F}.Debug|x64.ActiveCfg = Debug|x64
		{BD491B99-5B72-47B8-8242-5404C8633C9F}.Debug|x64.Build.0 = Debug|x64
		{BD491B99-5B72-47B8-8242-5404C8633C9F}.Debug|x86.ActiveCfg = Debug|Win32
		{BD491B99-5B72-47B8-8242-5404C8633C9F}.Debug|x86.Build.0 = Debug|Win32
		{BD491B99-5B72-47B8-8242-5404C8633C9F}.Release|x64.ActiveCfg = Release|x64
		{BD491B99-5B72-47B8-8242-5404C8633C9F}.Release|x64.Build.0 = Release|x64
		{BD491B99-5B72-47B8-8242-5404C8633C9F}.Release|x86.ActiveCfg = Release|Win32
		{BD491B99-5B72-47B8-8242-5404C8633C9F}.Release|x86.Build.0 = Release|Win32
		{20F4CDF6-AA70-44E6-A5B6-1DFD86D15FDA}.Debug|x64.ActiveCfg = Debug|x64
		{20F4CDF6-AA70-44E6-A5B6-1DFD86D15FDA}.Debug|x64.Build.0 = Debug|x64
		{20F4CDF6-AA70-44E6-A5B6-1DFD86D15FDA}.Debug|x86.ActiveCfg = Debug|Win32
		{20F4CDF6-AA70-44E6-A5B6-1DFD86D15FDA}.Debug|x86.Build.0 = Debug|Win32
		{20F4CDF6-AA70-44E6-A5B6-1DFD86D15FDA}.Release|x64.ActiveCfg = Release|x64
		{20F4CDF6-AA70-44E6-A5B6-1DFD86D15FDA}.Release|x64.Build.0 = Release|x64
		{20F4CDF6-AA70-44E6-A5B6-1DFD86D15FDA}.Release|x86.ActiveCfg = Release|Win32
		{20F4CDF6-AA70-44E6-A5B6-1DFD86D15FDA}.Release|x86.Build.0 = Release|Win32
		{B43E9F13-8932-4318-8B07-040D60B5888E}.Debug|x64.ActiveCfg = Debug|x64
		{B43E9F13-8932-4318-8B07-040D60B5888E}.Debug|x64.Build.0 = Debug|x64
		{B43E9F13-8932-4318-8B07-040D60B5888E}.Debug|x86.ActiveCfg = Debug|Win32
		{B43E9F13-8932-4318-8B07-040D60B5888E}.Debug|x86.Build.0 = Debug|Win32
		{B43E9F13-8932-4318-8B07-040D60B5888E}.Release|x64.ActiveCfg = Release|x64
		{B43E9F13-8932-4318-8B07-040D60B5888E}.Release|x64.Build.0 = Release|x64
		{B43E9F13-8932-4318-8B07-040D60B5888E}.Release|x86.ActiveCfg = Release|Win32
		{B43E9F13-8932-4318-8B07-040D60B5888E}.Release|x86.Build.0 = Release|Win32
		{20F817B5-010D-4724-B689-45215AB13EBB}.Debug|x64.ActiveCfg = Debug|x64
		{20F817B5-010D-4724-B689-45215AB13EBB}.Debug|x64.Build.0 = Debug|x64
		{20F817B5-010D-4724-B689-45215AB13EBB}.Debug|x86.ActiveCfg = Debug|Win32
		{20F817B5-010D-4724-B689-45215AB13EBB}.Debug|x86.Build.0 = Debug|Win32
		{20F817B5-010D-4724-B689-45215AB13EBB}.Release|x64.ActiveCfg = Release|x64
		{20F817B5-010D-4724-B689-45215AB13EBB}.Release|x64.Build.0 = Release|x64
		{20F817B5-010D-4724-B689-45215AB13EBB}.Release|x86.ActiveCfg = Release|Win32
		{20F817B5-010D-4724-B689-45215AB13EBB}.Release|x86.Build.0 = Release|Win32
		{6320CD36-6700-4A61-913D-BCD7E31EB39A}.Debug|x64.ActiveCfg = Debug|x64
		{6320CD36-6700-4A61-913D-BCD7E31EB39A}.Debug|x64.Build.0 = Debug|x64
		{6320CD36-6700-4A61-913D-BCD7E31EB39A}.Debug|x86.ActiveCfg = Debug|Win32
		{6320CD36-6700-4A61-913D-BCD7E31EB39A}.Debug|x86.Build.0 = Debug|Win32
		{6320CD36-6700-4A61-913D-BCD7E31EB39A}.Release|x64.ActiveCfg = Release|x64
		{6320CD36-6700-4A61-913D-BCD7E31EB39A}.Release|x64.Build.0 = Release|x64
		{6320CD36-6700-4A61-913D-BCD7E31EB39A}.Release|x86.ActiveCfg = Release|Win32
		{6320CD36-6700-4A61-913D-BCD7E31EB39A}.Release|x86.Build.0 = Release|Win32
		{67C55EB7-B1FB-4ECC-A193-C928EC7A9CBA}.Debug|x64.ActiveCfg = Debug|x64
		{67C55EB7-B1FB-4ECC-A193-C928EC7A9CBA}.Debug|x64.Build.0 = Debug|x64
		{67C55EB7-B1FB-4ECC-A193-C928EC7A9CBA}.Debug|x86.ActiveCfg = Debug|Win32
		{67C55EB7-B1FB-4ECC-A193-C928EC7A9CBA}.Debug|x86.Build.0 = Debug|Win32
		{67C55EB7-B1FB-4ECC-A193-C928EC7A9CBA}.Release|x64.ActiveCfg = Release|x64
		{67C55EB7-B1FB-4ECC-A193-C928EC7A9CBA}.Release|x64.Build.0 = Release|x64
		{67C55EB7-B1FB-4ECC-A193-C928EC7A9CBA}.Release|x86.ActiveCfg = Release|Win32
		{67C55EB7-B1FB-4ECC-A193-C928EC7A9CBA}.Release|x86.Build.0 = Release|Win32
		{EFF3427A-4EFA-473F-9487-1B958D3A7A06}.Debug|x64.ActiveCfg = Debug|x64
		{EFF3427A-4EFA-473F-9487-1B958D3A7A06}.Debug|x64.Build.0 = Debug|x64
		{EFF3427A-4EFA-473F-9487-1B958D3A7A06}.Debug|x86.ActiveCfg = Debug|Win32
		{EFF3427A-4EFA-473F-9487-1B958D3A7A06}.Debug|x86.Build.0 = Debug|Win32
		{EFF3427A-4EFA-473F-9487-1B958D3A7A06}.Release|x64.ActiveCfg = Release|x64
		{EFF3427A-4EFA-473F-9487-1B958D3A7A06}.Release|x64.Build.0 = Release|x64
		{EFF3427A-4EFA-473F-9487-1B958D3A7A06}.Release|x86.ActiveCfg = Release|Win32
		{EFF3427A-4EFA-473F-9487-1B958D3A7A06}.Release|x86.Build.0 = Release|Win32
		{85837660-1E6A-43CB-BB64-3FBC65281285}.Debug|x64.ActiveCfg = Debug|x64
		{85837660-1E6A-43CB-BB64-3FBC65281285}.Debug|x64.Build.0 = Debug|x64
		{85837660-1E6A-43CB-BB64-3FBC65281285}.Debug|x86.ActiveCfg = Debug|Win32
		{85837660-1E6A-43CB-BB64-3FBC65281285}.Debug|x86.Build.0 = Debug|Win32
		{85837660-1E6A-43CB-BB64-3FBC65281285}.Release|x64.ActiveCfg = Release|x64
		{85837660-1E6A-43CB-BB64-3FBC65281285}.Release|x64.Build.0 = Release|x64
		{85837660-1E6A-43CB-BB64-3FBC65281285}.Release|x86.ActiveCfg = Release|Win32
		{85837660-1E6A-43CB-BB64-3FBC65281285}.Release|x86.Build.0 = Release|Win32
		{14CFF950-D031-496C-B401-7DEA7C906040}.Debug|x64.ActiveCfg = Debug|x64
		{14CFF950-D031-496C-B401-7DEA7C906040}.Debug|x64.Build.0 = Debug|x64
		{14CFF950-D031-496C-B401-7DEA7C906040}.Debug|x86.ActiveCfg = Debug|Win32
		{14CFF950-D031-496C-B401-7DEA7C906040}.Debug|x86.Build.0 = Debug|Win32
		{14CFF950-D031-496C-B401-7DEA7C906040}.Release|x64.ActiveCfg = Release|x64
		{14CFF950-D031-496C-B401-7DEA7C906040}.Release|x64.Build.0 = Release|x64
		{14CFF950-D031-496C-B401-7DEA7C906040}.Release|x86.ActiveCfg = Release|Win32
		{14CFF950-D031-496C-B401-7DEA7C906040}.Release|x86.Build.0 = Release|Win32
		{A2862ADF-09DF-474D-9167-FDB695A73601}.Debug|x64.ActiveCfg = Debug|x64
		{A2862ADF-09DF-474D-9167-FDB695A73601}.Debug|x64.Build.0 = Debug|x64
		{A2862ADF-09DF-474D-9167-FDB695A73601}.Debug|x86.ActiveCfg = Debug|Win32
		{A2862ADF-09DF-474D-9167-FDB695A73601}.Debug|x86.Build.0 = Debug|Win32
		{A2862ADF-09DF-474D-9167-FDB695A73601}.Release|x64.ActiveCfg = Release|x64
		{A2862ADF-09DF-474D-9167-FDB695A73601}.Release|x64.Build.0 = Release|x64
		{A2862ADF-09DF-474D-9167-FDB695A73601}.Release|x86.ActiveCfg = Release|Win32
		{A2862ADF-09DF-474D-9167-FDB695A73601}.Release|x86.Build.0 = Release|Win32
		{368F3BFF-7F1D-4D8C-B6E5-51C3B034AEF4}.Debug|x64.ActiveCfg = Debug|x64
		{368F3BFF-7F1D-4D8C-B6E5-51C3B034AEF4}.Debug|x64.Build.0 = Debug|x64
		{368F3BFF-7F1D-4D8C-B6E5-51C3B034AEF4}.Debug|x86.ActiveCfg = Debug|Win32
		{368F3BFF-7F1D-4D8C-B6E5-51C3B034AEF4}.Debug|x86.Build.0 = Debug|Win32
		{368F3BFF-7F1D-4D8C-B6E5-51C3B034AEF4}.Release|x64.ActiveCfg = Release|x64
		{368F3BFF-7F1D-4D8C-B6E5-51C3B034AEF4}.Release|x64.Build.0 = Release|x64
		{368F3BFF-7F1D-4D8C-B6E5-51C3B034AEF4}.Release|x86.ActiveCfg = Release|Win32
		{368F3BFF-7F1D-4D8C-B6E5-51C3B034AEF4}.Release|x86.Build.0 = Release|Win32
		{3227BAFA-8D68-4E62-B843-7C847173B233}.Debug|x64.ActiveCfg = Debug|x64
		{3227BAFA-8D68-4E62-B843-7C847173B233}.Debug|x64.Build.0 = Debug|x64
		{3227BAFA-8D68-4E62-B843-7C847173B233}.Debug|x86.ActiveCfg = Debug|Win32
		{3227BAFA-8D68-4E62-B843-7C847173B233}.Debug|x86.Build.0 = Debug|Win32
		{3227BAFA-8D68-4E62-B843-7C847173B233}.Release|x64.ActiveCfg = Release|x64
		{3227BAFA-8D68-4E62-B843-7C847173B233}.Release|x64.Build.0 = Release|x64
		{3227BAFA-8D68-4E62-B843-7C847173B233}.Release|x86.ActiveCfg = Release|Win32
		{3227BAFA-8D68-4E62-B843-7C847173B233}.Release|x86.Build.0 = Release|Win32
	EndGlobalSection
	GlobalSection(SolutionProperties) = preSolution
		HideSolutionNode = FALSE
	EndGlobalSection
	GlobalSection(ExtensibilityGlobals) = postSolution
		SolutionGuid = {D818A305-55BF-4871-AD5E-3F545B3F8F50}
	EndGlobalSection
EndGlobal
