
Microsoft Visual Studio Solution File, Format Version 12.00
# Visual Studio Version 17
VisualStudioVersion = 17.9.34701.34
MinimumVisualStudioVersion = 10.0.40219.1
Project("{8BC9CEB8-8B4A-11D0-8D11-00A0C91BC942}") = "Bai01", "Bai01\Bai01.vcxproj", "{055567E6-6D35-4383-A58C-AAF95A9C76C3}"
EndProject
Project("{8BC9CEB8-8B4A-11D0-8D11-00A0C91BC942}") = "Bai02", "Bai02\Bai02.vcxproj", "{7A34F836-D6E3-4109-9F56-551CFE43DDF4}"
EndProject
Project("{8BC9CEB8-8B4A-11D0-8D11-00A0C91BC942}") = "Bai03", "Bai03\Bai03.vcxproj", "{89E471E8-BE82-48CF-9C27-66B73353451F}"
EndProject
Project("{8BC9CEB8-8B4A-11D0-8D11-00A0C91BC942}") = "Bai04", "Bai04\Bai04.vcxproj", "{C4633D79-BC46-41F7-9E69-E98455C46DD8}"
EndProject
Project("{8BC9CEB8-8B4A-11D0-8D11-00A0C91BC942}") = "Bai05", "Bai05\Bai05.vcxproj", "{86DE5884-4197-44AC-8A36-D0357F83BFC1}"
EndProject
Project("{8BC9CEB8-8B4A-11D0-8D11-00A0C91BC942}") = "Bai06", "Bai06\Bai06.vcxproj", "{5FA4EFA0-1FDF-4BA6-B97A-8089F6DE012C}"
EndProject
Project("{8BC9CEB8-8B4A-11D0-8D11-00A0C91BC942}") = "Bai07", "Bai07\Bai07.vcxproj", "{F3506864-5C0C-4863-AF95-A37AA4E13C3F}"
EndProject
Project("{8BC9CEB8-8B4A-11D0-8D11-00A0C91BC942}") = "Bai08", "Bai08\Bai08.vcxproj", "{B97E5B40-886E-4B0B-BEAF-B3BCB20FA604}"
EndProject
Project("{8BC9CEB8-8B4A-11D0-8D11-00A0C91BC942}") = "Bai09", "Bai09\Bai09.vcxproj", "{A0A18CA4-3BE9-4ABC-843F-B9B02FD03F29}"
EndProject
Global
	GlobalSection(SolutionConfigurationPlatforms) = preSolution
		Debug|x64 = Debug|x64
		Debug|x86 = Debug|x86
		Release|x64 = Release|x64
		Release|x86 = Release|x86
	EndGlobalSection
	GlobalSection(ProjectConfigurationPlatforms) = postSolution
		{055567E6-6D35-4383-A58C-AAF95A9C76C3}.Debug|x64.ActiveCfg = Debug|x64
		{055567E6-6D35-4383-A58C-AAF95A9C76C3}.Debug|x64.Build.0 = Debug|x64
		{055567E6-6D35-4383-A58C-AAF95A9C76C3}.Debug|x86.ActiveCfg = Debug|Win32
		{055567E6-6D35-4383-A58C-AAF95A9C76C3}.Debug|x86.Build.0 = Debug|Win32
		{055567E6-6D35-4383-A58C-AAF95A9C76C3}.Release|x64.ActiveCfg = Release|x64
		{055567E6-6D35-4383-A58C-AAF95A9C76C3}.Release|x64.Build.0 = Release|x64
		{055567E6-6D35-4383-A58C-AAF95A9C76C3}.Release|x86.ActiveCfg = Release|Win32
		{055567E6-6D35-4383-A58C-AAF95A9C76C3}.Release|x86.Build.0 = Release|Win32
		{7A34F836-D6E3-4109-9F56-551CFE43DDF4}.Debug|x64.ActiveCfg = Debug|x64
		{7A34F836-D6E3-4109-9F56-551CFE43DDF4}.Debug|x64.Build.0 = Debug|x64
		{7A34F836-D6E3-4109-9F56-551CFE43DDF4}.Debug|x86.ActiveCfg = Debug|Win32
		{7A34F836-D6E3-4109-9F56-551CFE43DDF4}.Debug|x86.Build.0 = Debug|Win32
		{7A34F836-D6E3-4109-9F56-551CFE43DDF4}.Release|x64.ActiveCfg = Release|x64
		{7A34F836-D6E3-4109-9F56-551CFE43DDF4}.Release|x64.Build.0 = Release|x64
		{7A34F836-D6E3-4109-9F56-551CFE43DDF4}.Release|x86.ActiveCfg = Release|Win32
		{7A34F836-D6E3-4109-9F56-551CFE43DDF4}.Release|x86.Build.0 = Release|Win32
		{89E471E8-BE82-48CF-9C27-66B73353451F}.Debug|x64.ActiveCfg = Debug|x64
		{89E471E8-BE82-48CF-9C27-66B73353451F}.Debug|x64.Build.0 = Debug|x64
		{89E471E8-BE82-48CF-9C27-66B73353451F}.Debug|x86.ActiveCfg = Debug|Win32
		{89E471E8-BE82-48CF-9C27-66B73353451F}.Debug|x86.Build.0 = Debug|Win32
		{89E471E8-BE82-48CF-9C27-66B73353451F}.Release|x64.ActiveCfg = Release|x64
		{89E471E8-BE82-48CF-9C27-66B73353451F}.Release|x64.Build.0 = Release|x64
		{89E471E8-BE82-48CF-9C27-66B73353451F}.Release|x86.ActiveCfg = Release|Win32
		{89E471E8-BE82-48CF-9C27-66B73353451F}.Release|x86.Build.0 = Release|Win32
		{C4633D79-BC46-41F7-9E69-E98455C46DD8}.Debug|x64.ActiveCfg = Debug|x64
		{C4633D79-BC46-41F7-9E69-E98455C46DD8}.Debug|x64.Build.0 = Debug|x64
		{C4633D79-BC46-41F7-9E69-E98455C46DD8}.Debug|x86.ActiveCfg = Debug|Win32
		{C4633D79-BC46-41F7-9E69-E98455C46DD8}.Debug|x86.Build.0 = Debug|Win32
		{C4633D79-BC46-41F7-9E69-E98455C46DD8}.Release|x64.ActiveCfg = Release|x64
		{C4633D79-BC46-41F7-9E69-E98455C46DD8}.Release|x64.Build.0 = Release|x64
		{C4633D79-BC46-41F7-9E69-E98455C46DD8}.Release|x86.ActiveCfg = Release|Win32
		{C4633D79-BC46-41F7-9E69-E98455C46DD8}.Release|x86.Build.0 = Release|Win32
		{86DE5884-4197-44AC-8A36-D0357F83BFC1}.Debug|x64.ActiveCfg = Debug|x64
		{86DE5884-4197-44AC-8A36-D0357F83BFC1}.Debug|x64.Build.0 = Debug|x64
		{86DE5884-4197-44AC-8A36-D0357F83BFC1}.Debug|x86.ActiveCfg = Debug|Win32
		{86DE5884-4197-44AC-8A36-D0357F83BFC1}.Debug|x86.Build.0 = Debug|Win32
		{86DE5884-4197-44AC-8A36-D0357F83BFC1}.Release|x64.ActiveCfg = Release|x64
		{86DE5884-4197-44AC-8A36-D0357F83BFC1}.Release|x64.Build.0 = Release|x64
		{86DE5884-4197-44AC-8A36-D0357F83BFC1}.Release|x86.ActiveCfg = Release|Win32
		{86DE5884-4197-44AC-8A36-D0357F83BFC1}.Release|x86.Build.0 = Release|Win32
		{5FA4EFA0-1FDF-4BA6-B97A-8089F6DE012C}.Debug|x64.ActiveCfg = Debug|x64
		{5FA4EFA0-1FDF-4BA6-B97A-8089F6DE012C}.Debug|x64.Build.0 = Debug|x64
		{5FA4EFA0-1FDF-4BA6-B97A-8089F6DE012C}.Debug|x86.ActiveCfg = Debug|Win32
		{5FA4EFA0-1FDF-4BA6-B97A-8089F6DE012C}.Debug|x86.Build.0 = Debug|Win32
		{5FA4EFA0-1FDF-4BA6-B97A-8089F6DE012C}.Release|x64.ActiveCfg = Release|x64
		{5FA4EFA0-1FDF-4BA6-B97A-8089F6DE012C}.Release|x64.Build.0 = Release|x64
		{5FA4EFA0-1FDF-4BA6-B97A-8089F6DE012C}.Release|x86.ActiveCfg = Release|Win32
		{5FA4EFA0-1FDF-4BA6-B97A-8089F6DE012C}.Release|x86.Build.0 = Release|Win32
		{F3506864-5C0C-4863-AF95-A37AA4E13C3F}.Debug|x64.ActiveCfg = Debug|x64
		{F3506864-5C0C-4863-AF95-A37AA4E13C3F}.Debug|x64.Build.0 = Debug|x64
		{F3506864-5C0C-4863-AF95-A37AA4E13C3F}.Debug|x86.ActiveCfg = Debug|Win32
		{F3506864-5C0C-4863-AF95-A37AA4E13C3F}.Debug|x86.Build.0 = Debug|Win32
		{F3506864-5C0C-4863-AF95-A37AA4E13C3F}.Release|x64.ActiveCfg = Release|x64
		{F3506864-5C0C-4863-AF95-A37AA4E13C3F}.Release|x64.Build.0 = Release|x64
		{F3506864-5C0C-4863-AF95-A37AA4E13C3F}.Release|x86.ActiveCfg = Release|Win32
		{F3506864-5C0C-4863-AF95-A37AA4E13C3F}.Release|x86.Build.0 = Release|Win32
		{B97E5B40-886E-4B0B-BEAF-B3BCB20FA604}.Debug|x64.ActiveCfg = Debug|x64
		{B97E5B40-886E-4B0B-BEAF-B3BCB20FA604}.Debug|x64.Build.0 = Debug|x64
		{B97E5B40-886E-4B0B-BEAF-B3BCB20FA604}.Debug|x86.ActiveCfg = Debug|Win32
		{B97E5B40-886E-4B0B-BEAF-B3BCB20FA604}.Debug|x86.Build.0 = Debug|Win32
		{B97E5B40-886E-4B0B-BEAF-B3BCB20FA604}.Release|x64.ActiveCfg = Release|x64
		{B97E5B40-886E-4B0B-BEAF-B3BCB20FA604}.Release|x64.Build.0 = Release|x64
		{B97E5B40-886E-4B0B-BEAF-B3BCB20FA604}.Release|x86.ActiveCfg = Release|Win32
		{B97E5B40-886E-4B0B-BEAF-B3BCB20FA604}.Release|x86.Build.0 = Release|Win32
		{A0A18CA4-3BE9-4ABC-843F-B9B02FD03F29}.Debug|x64.ActiveCfg = Debug|x64
		{A0A18CA4-3BE9-4ABC-843F-B9B02FD03F29}.Debug|x64.Build.0 = Debug|x64
		{A0A18CA4-3BE9-4ABC-843F-B9B02FD03F29}.Debug|x86.ActiveCfg = Debug|Win32
		{A0A18CA4-3BE9-4ABC-843F-B9B02FD03F29}.Debug|x86.Build.0 = Debug|Win32
		{A0A18CA4-3BE9-4ABC-843F-B9B02FD03F29}.Release|x64.ActiveCfg = Release|x64
		{A0A18CA4-3BE9-4ABC-843F-B9B02FD03F29}.Release|x64.Build.0 = Release|x64
		{A0A18CA4-3BE9-4ABC-843F-B9B02FD03F29}.Release|x86.ActiveCfg = Release|Win32
		{A0A18CA4-3BE9-4ABC-843F-B9B02FD03F29}.Release|x86.Build.0 = Release|Win32
	EndGlobalSection
	GlobalSection(SolutionProperties) = preSolution
		HideSolutionNode = FALSE
	EndGlobalSection
	GlobalSection(ExtensibilityGlobals) = postSolution
		SolutionGuid = {CA48DC1B-C7C3-4B90-B7AE-FFF45598835D}
	EndGlobalSection
EndGlobal
