
Microsoft Visual Studio Solution File, Format Version 12.00
# Visual Studio Version 17
VisualStudioVersion = 17.9.34728.123
MinimumVisualStudioVersion = 10.0.40219.1
Project("{8BC9CEB8-8B4A-11D0-8D11-00A0C91BC942}") = "Bai01", "Bai01\Bai01.vcxproj", "{9ECD4711-1C49-4D73-A045-91E3FDB3BA75}"
EndProject
Project("{8BC9CEB8-8B4A-11D0-8D11-00A0C91BC942}") = "Bai02", "Bai02\Bai02.vcxproj", "{30543FE0-3384-489D-B3A3-0A739CF545AA}"
EndProject
Project("{8BC9CEB8-8B4A-11D0-8D11-00A0C91BC942}") = "Bai03", "Bai03\Bai03.vcxproj", "{E980392F-765A-4940-8912-DE5932DF1FEA}"
EndProject
Project("{8BC9CEB8-8B4A-11D0-8D11-00A0C91BC942}") = "Bai04", "Bai04\Bai04.vcxproj", "{95581333-E746-478C-9986-E5CC87F1C395}"
EndProject
Project("{8BC9CEB8-8B4A-11D0-8D11-00A0C91BC942}") = "Bai05", "Bai05\Bai05.vcxproj", "{88C0349D-86E8-4056-BF4F-08B791B6757C}"
EndProject
Project("{8BC9CEB8-8B4A-11D0-8D11-00A0C91BC942}") = "Bai06", "Bai06\Bai06.vcxproj", "{56A35C0A-08AB-4DBC-9DD3-616C5BD9C289}"
EndProject
Project("{8BC9CEB8-8B4A-11D0-8D11-00A0C91BC942}") = "Bai07", "Bai07\Bai07.vcxproj", "{6C029EB4-CD06-4966-8C72-52FF150DFAA2}"
EndProject
Project("{8BC9CEB8-8B4A-11D0-8D11-00A0C91BC942}") = "Bai08", "Bai08\Bai08.vcxproj", "{5DA3D28B-2D65-482F-A523-8BBE541D5297}"
EndProject
Project("{8BC9CEB8-8B4A-11D0-8D11-00A0C91BC942}") = "Bai09", "Bai09\Bai09.vcxproj", "{B9504AC5-F03F-4C00-B0C6-A4D1D91A24D6}"
EndProject
Project("{8BC9CEB8-8B4A-11D0-8D11-00A0C91BC942}") = "Bai10", "Bai10\Bai10.vcxproj", "{8366F4EF-67C4-43D7-8AE4-C343B66BB3EE}"
EndProject
Project("{8BC9CEB8-8B4A-11D0-8D11-00A0C91BC942}") = "Bai11", "Bai11\Bai11.vcxproj", "{2C36A822-7373-4CD8-B94F-4FCFC5E76D73}"
EndProject
Project("{8BC9CEB8-8B4A-11D0-8D11-00A0C91BC942}") = "Bai12", "Bai12\Bai12.vcxproj", "{F3E229F2-EB7D-45A4-B504-F9C27A2D6331}"
EndProject
Global
	GlobalSection(SolutionConfigurationPlatforms) = preSolution
		Debug|x64 = Debug|x64
		Debug|x86 = Debug|x86
		Release|x64 = Release|x64
		Release|x86 = Release|x86
	EndGlobalSection
	GlobalSection(ProjectConfigurationPlatforms) = postSolution
		{9ECD4711-1C49-4D73-A045-91E3FDB3BA75}.Debug|x64.ActiveCfg = Debug|x64
		{9ECD4711-1C49-4D73-A045-91E3FDB3BA75}.Debug|x64.Build.0 = Debug|x64
		{9ECD4711-1C49-4D73-A045-91E3FDB3BA75}.Debug|x86.ActiveCfg = Debug|Win32
		{9ECD4711-1C49-4D73-A045-91E3FDB3BA75}.Debug|x86.Build.0 = Debug|Win32
		{9ECD4711-1C49-4D73-A045-91E3FDB3BA75}.Release|x64.ActiveCfg = Release|x64
		{9ECD4711-1C49-4D73-A045-91E3FDB3BA75}.Release|x64.Build.0 = Release|x64
		{9ECD4711-1C49-4D73-A045-91E3FDB3BA75}.Release|x86.ActiveCfg = Release|Win32
		{9ECD4711-1C49-4D73-A045-91E3FDB3BA75}.Release|x86.Build.0 = Release|Win32
		{30543FE0-3384-489D-B3A3-0A739CF545AA}.Debug|x64.ActiveCfg = Debug|x64
		{30543FE0-3384-489D-B3A3-0A739CF545AA}.Debug|x64.Build.0 = Debug|x64
		{30543FE0-3384-489D-B3A3-0A739CF545AA}.Debug|x86.ActiveCfg = Debug|Win32
		{30543FE0-3384-489D-B3A3-0A739CF545AA}.Debug|x86.Build.0 = Debug|Win32
		{30543FE0-3384-489D-B3A3-0A739CF545AA}.Release|x64.ActiveCfg = Release|x64
		{30543FE0-3384-489D-B3A3-0A739CF545AA}.Release|x64.Build.0 = Release|x64
		{30543FE0-3384-489D-B3A3-0A739CF545AA}.Release|x86.ActiveCfg = Release|Win32
		{30543FE0-3384-489D-B3A3-0A739CF545AA}.Release|x86.Build.0 = Release|Win32
		{E980392F-765A-4940-8912-DE5932DF1FEA}.Debug|x64.ActiveCfg = Debug|x64
		{E980392F-765A-4940-8912-DE5932DF1FEA}.Debug|x64.Build.0 = Debug|x64
		{E980392F-765A-4940-8912-DE5932DF1FEA}.Debug|x86.ActiveCfg = Debug|Win32
		{E980392F-765A-4940-8912-DE5932DF1FEA}.Debug|x86.Build.0 = Debug|Win32
		{E980392F-765A-4940-8912-DE5932DF1FEA}.Release|x64.ActiveCfg = Release|x64
		{E980392F-765A-4940-8912-DE5932DF1FEA}.Release|x64.Build.0 = Release|x64
		{E980392F-765A-4940-8912-DE5932DF1FEA}.Release|x86.ActiveCfg = Release|Win32
		{E980392F-765A-4940-8912-DE5932DF1FEA}.Release|x86.Build.0 = Release|Win32
		{95581333-E746-478C-9986-E5CC87F1C395}.Debug|x64.ActiveCfg = Debug|x64
		{95581333-E746-478C-9986-E5CC87F1C395}.Debug|x64.Build.0 = Debug|x64
		{95581333-E746-478C-9986-E5CC87F1C395}.Debug|x86.ActiveCfg = Debug|Win32
		{95581333-E746-478C-9986-E5CC87F1C395}.Debug|x86.Build.0 = Debug|Win32
		{95581333-E746-478C-9986-E5CC87F1C395}.Release|x64.ActiveCfg = Release|x64
		{95581333-E746-478C-9986-E5CC87F1C395}.Release|x64.Build.0 = Release|x64
		{95581333-E746-478C-9986-E5CC87F1C395}.Release|x86.ActiveCfg = Release|Win32
		{95581333-E746-478C-9986-E5CC87F1C395}.Release|x86.Build.0 = Release|Win32
		{88C0349D-86E8-4056-BF4F-08B791B6757C}.Debug|x64.ActiveCfg = Debug|x64
		{88C0349D-86E8-4056-BF4F-08B791B6757C}.Debug|x64.Build.0 = Debug|x64
		{88C0349D-86E8-4056-BF4F-08B791B6757C}.Debug|x86.ActiveCfg = Debug|Win32
		{88C0349D-86E8-4056-BF4F-08B791B6757C}.Debug|x86.Build.0 = Debug|Win32
		{88C0349D-86E8-4056-BF4F-08B791B6757C}.Release|x64.ActiveCfg = Release|x64
		{88C0349D-86E8-4056-BF4F-08B791B6757C}.Release|x64.Build.0 = Release|x64
		{88C0349D-86E8-4056-BF4F-08B791B6757C}.Release|x86.ActiveCfg = Release|Win32
		{88C0349D-86E8-4056-BF4F-08B791B6757C}.Release|x86.Build.0 = Release|Win32
		{56A35C0A-08AB-4DBC-9DD3-616C5BD9C289}.Debug|x64.ActiveCfg = Debug|x64
		{56A35C0A-08AB-4DBC-9DD3-616C5BD9C289}.Debug|x64.Build.0 = Debug|x64
		{56A35C0A-08AB-4DBC-9DD3-616C5BD9C289}.Debug|x86.ActiveCfg = Debug|Win32
		{56A35C0A-08AB-4DBC-9DD3-616C5BD9C289}.Debug|x86.Build.0 = Debug|Win32
		{56A35C0A-08AB-4DBC-9DD3-616C5BD9C289}.Release|x64.ActiveCfg = Release|x64
		{56A35C0A-08AB-4DBC-9DD3-616C5BD9C289}.Release|x64.Build.0 = Release|x64
		{56A35C0A-08AB-4DBC-9DD3-616C5BD9C289}.Release|x86.ActiveCfg = Release|Win32
		{56A35C0A-08AB-4DBC-9DD3-616C5BD9C289}.Release|x86.Build.0 = Release|Win32
		{6C029EB4-CD06-4966-8C72-52FF150DFAA2}.Debug|x64.ActiveCfg = Debug|x64
		{6C029EB4-CD06-4966-8C72-52FF150DFAA2}.Debug|x64.Build.0 = Debug|x64
		{6C029EB4-CD06-4966-8C72-52FF150DFAA2}.Debug|x86.ActiveCfg = Debug|Win32
		{6C029EB4-CD06-4966-8C72-52FF150DFAA2}.Debug|x86.Build.0 = Debug|Win32
		{6C029EB4-CD06-4966-8C72-52FF150DFAA2}.Release|x64.ActiveCfg = Release|x64
		{6C029EB4-CD06-4966-8C72-52FF150DFAA2}.Release|x64.Build.0 = Release|x64
		{6C029EB4-CD06-4966-8C72-52FF150DFAA2}.Release|x86.ActiveCfg = Release|Win32
		{6C029EB4-CD06-4966-8C72-52FF150DFAA2}.Release|x86.Build.0 = Release|Win32
		{5DA3D28B-2D65-482F-A523-8BBE541D5297}.Debug|x64.ActiveCfg = Debug|x64
		{5DA3D28B-2D65-482F-A523-8BBE541D5297}.Debug|x64.Build.0 = Debug|x64
		{5DA3D28B-2D65-482F-A523-8BBE541D5297}.Debug|x86.ActiveCfg = Debug|Win32
		{5DA3D28B-2D65-482F-A523-8BBE541D5297}.Debug|x86.Build.0 = Debug|Win32
		{5DA3D28B-2D65-482F-A523-8BBE541D5297}.Release|x64.ActiveCfg = Release|x64
		{5DA3D28B-2D65-482F-A523-8BBE541D5297}.Release|x64.Build.0 = Release|x64
		{5DA3D28B-2D65-482F-A523-8BBE541D5297}.Release|x86.ActiveCfg = Release|Win32
		{5DA3D28B-2D65-482F-A523-8BBE541D5297}.Release|x86.Build.0 = Release|Win32
		{B9504AC5-F03F-4C00-B0C6-A4D1D91A24D6}.Debug|x64.ActiveCfg = Debug|x64
		{B9504AC5-F03F-4C00-B0C6-A4D1D91A24D6}.Debug|x64.Build.0 = Debug|x64
		{B9504AC5-F03F-4C00-B0C6-A4D1D91A24D6}.Debug|x86.ActiveCfg = Debug|Win32
		{B9504AC5-F03F-4C00-B0C6-A4D1D91A24D6}.Debug|x86.Build.0 = Debug|Win32
		{B9504AC5-F03F-4C00-B0C6-A4D1D91A24D6}.Release|x64.ActiveCfg = Release|x64
		{B9504AC5-F03F-4C00-B0C6-A4D1D91A24D6}.Release|x64.Build.0 = Release|x64
		{B9504AC5-F03F-4C00-B0C6-A4D1D91A24D6}.Release|x86.ActiveCfg = Release|Win32
		{B9504AC5-F03F-4C00-B0C6-A4D1D91A24D6}.Release|x86.Build.0 = Release|Win32
		{8366F4EF-67C4-43D7-8AE4-C343B66BB3EE}.Debug|x64.ActiveCfg = Debug|x64
		{8366F4EF-67C4-43D7-8AE4-C343B66BB3EE}.Debug|x64.Build.0 = Debug|x64
		{8366F4EF-67C4-43D7-8AE4-C343B66BB3EE}.Debug|x86.ActiveCfg = Debug|Win32
		{8366F4EF-67C4-43D7-8AE4-C343B66BB3EE}.Debug|x86.Build.0 = Debug|Win32
		{8366F4EF-67C4-43D7-8AE4-C343B66BB3EE}.Release|x64.ActiveCfg = Release|x64
		{8366F4EF-67C4-43D7-8AE4-C343B66BB3EE}.Release|x64.Build.0 = Release|x64
		{8366F4EF-67C4-43D7-8AE4-C343B66BB3EE}.Release|x86.ActiveCfg = Release|Win32
		{8366F4EF-67C4-43D7-8AE4-C343B66BB3EE}.Release|x86.Build.0 = Release|Win32
		{2C36A822-7373-4CD8-B94F-4FCFC5E76D73}.Debug|x64.ActiveCfg = Debug|x64
		{2C36A822-7373-4CD8-B94F-4FCFC5E76D73}.Debug|x64.Build.0 = Debug|x64
		{2C36A822-7373-4CD8-B94F-4FCFC5E76D73}.Debug|x86.ActiveCfg = Debug|Win32
		{2C36A822-7373-4CD8-B94F-4FCFC5E76D73}.Debug|x86.Build.0 = Debug|Win32
		{2C36A822-7373-4CD8-B94F-4FCFC5E76D73}.Release|x64.ActiveCfg = Release|x64
		{2C36A822-7373-4CD8-B94F-4FCFC5E76D73}.Release|x64.Build.0 = Release|x64
		{2C36A822-7373-4CD8-B94F-4FCFC5E76D73}.Release|x86.ActiveCfg = Release|Win32
		{2C36A822-7373-4CD8-B94F-4FCFC5E76D73}.Release|x86.Build.0 = Release|Win32
		{F3E229F2-EB7D-45A4-B504-F9C27A2D6331}.Debug|x64.ActiveCfg = Debug|x64
		{F3E229F2-EB7D-45A4-B504-F9C27A2D6331}.Debug|x64.Build.0 = Debug|x64
		{F3E229F2-EB7D-45A4-B504-F9C27A2D6331}.Debug|x86.ActiveCfg = Debug|Win32
		{F3E229F2-EB7D-45A4-B504-F9C27A2D6331}.Debug|x86.Build.0 = Debug|Win32
		{F3E229F2-EB7D-45A4-B504-F9C27A2D6331}.Release|x64.ActiveCfg = Release|x64
		{F3E229F2-EB7D-45A4-B504-F9C27A2D6331}.Release|x64.Build.0 = Release|x64
		{F3E229F2-EB7D-45A4-B504-F9C27A2D6331}.Release|x86.ActiveCfg = Release|Win32
		{F3E229F2-EB7D-45A4-B504-F9C27A2D6331}.Release|x86.Build.0 = Release|Win32
	EndGlobalSection
	GlobalSection(SolutionProperties) = preSolution
		HideSolutionNode = FALSE
	EndGlobalSection
	GlobalSection(ExtensibilityGlobals) = postSolution
		SolutionGuid = {7F5C8C9C-24CD-4313-9F39-B0E63821E806}
	EndGlobalSection
EndGlobal
