
Microsoft Visual Studio Solution File, Format Version 12.00
# Visual Studio Version 17
VisualStudioVersion = 17.9.34728.123
MinimumVisualStudioVersion = 10.0.40219.1
Project("{8BC9CEB8-8B4A-11D0-8D11-00A0C91BC942}") = "Bai02", "Bai02\Bai02.vcxproj", "{482AA810-A4C8-4FAC-A101-20A7A305EBF8}"
EndProject
Project("{8BC9CEB8-8B4A-11D0-8D11-00A0C91BC942}") = "Bai03", "Bai03\Bai03.vcxproj", "{E860EA9A-2DC5-48EF-A78A-EC8FAF17BA58}"
EndProject
Project("{8BC9CEB8-8B4A-11D0-8D11-00A0C91BC942}") = "Bai01", "Bai01\Bai01.vcxproj", "{51CD2CB9-D450-4F74-8E89-04FDC70CFD1E}"
EndProject
Project("{8BC9CEB8-8B4A-11D0-8D11-00A0C91BC942}") = "Bai04", "Bai04\Bai04.vcxproj", "{96E72E60-FCE3-424A-8E86-6122820DB4E8}"
EndProject
Project("{8BC9CEB8-8B4A-11D0-8D11-00A0C91BC942}") = "Bai05", "Bai05\Bai05.vcxproj", "{6EFB5544-5578-4362-BCCB-0A1BD4D507BA}"
EndProject
Project("{8BC9CEB8-8B4A-11D0-8D11-00A0C91BC942}") = "Bai06", "Bai06\Bai06.vcxproj", "{A6740A23-C75E-425E-AF3B-3D09BD3F98D0}"
EndProject
Project("{8BC9CEB8-8B4A-11D0-8D11-00A0C91BC942}") = "Bai07", "Bai07\Bai07.vcxproj", "{E0832908-7BF3-4F6A-B58F-9C472A4E1155}"
EndProject
Project("{8BC9CEB8-8B4A-11D0-8D11-00A0C91BC942}") = "Bai08", "Bai08\Bai08.vcxproj", "{B0F75D09-7AF1-40CB-8C6A-7798A203B06E}"
EndProject
Project("{8BC9CEB8-8B4A-11D0-8D11-00A0C91BC942}") = "Bai09", "Bai09\Bai09.vcxproj", "{821FBB48-56CD-4873-9538-5E7641946200}"
EndProject
Project("{8BC9CEB8-8B4A-11D0-8D11-00A0C91BC942}") = "Bai10", "Bai10\Bai10.vcxproj", "{5599AD4E-94C4-4877-9D10-3D1990F7675A}"
EndProject
Project("{8BC9CEB8-8B4A-11D0-8D11-00A0C91BC942}") = "Bai11", "Bai11\Bai11.vcxproj", "{625C3E3C-D771-438A-9099-60F10C99033B}"
EndProject
Project("{8BC9CEB8-8B4A-11D0-8D11-00A0C91BC942}") = "Bai12", "Bai12\Bai12.vcxproj", "{41BBCD7D-2952-4CD2-AACA-827648FC9722}"
EndProject
Global
	GlobalSection(SolutionConfigurationPlatforms) = preSolution
		Debug|x64 = Debug|x64
		Debug|x86 = Debug|x86
		Release|x64 = Release|x64
		Release|x86 = Release|x86
	EndGlobalSection
	GlobalSection(ProjectConfigurationPlatforms) = postSolution
		{482AA810-A4C8-4FAC-A101-20A7A305EBF8}.Debug|x64.ActiveCfg = Debug|x64
		{482AA810-A4C8-4FAC-A101-20A7A305EBF8}.Debug|x64.Build.0 = Debug|x64
		{482AA810-A4C8-4FAC-A101-20A7A305EBF8}.Debug|x86.ActiveCfg = Debug|Win32
		{482AA810-A4C8-4FAC-A101-20A7A305EBF8}.Debug|x86.Build.0 = Debug|Win32
		{482AA810-A4C8-4FAC-A101-20A7A305EBF8}.Release|x64.ActiveCfg = Release|x64
		{482AA810-A4C8-4FAC-A101-20A7A305EBF8}.Release|x64.Build.0 = Release|x64
		{482AA810-A4C8-4FAC-A101-20A7A305EBF8}.Release|x86.ActiveCfg = Release|Win32
		{482AA810-A4C8-4FAC-A101-20A7A305EBF8}.Release|x86.Build.0 = Release|Win32
		{E860EA9A-2DC5-48EF-A78A-EC8FAF17BA58}.Debug|x64.ActiveCfg = Debug|x64
		{E860EA9A-2DC5-48EF-A78A-EC8FAF17BA58}.Debug|x64.Build.0 = Debug|x64
		{E860EA9A-2DC5-48EF-A78A-EC8FAF17BA58}.Debug|x86.ActiveCfg = Debug|Win32
		{E860EA9A-2DC5-48EF-A78A-EC8FAF17BA58}.Debug|x86.Build.0 = Debug|Win32
		{E860EA9A-2DC5-48EF-A78A-EC8FAF17BA58}.Release|x64.ActiveCfg = Release|x64
		{E860EA9A-2DC5-48EF-A78A-EC8FAF17BA58}.Release|x64.Build.0 = Release|x64
		{E860EA9A-2DC5-48EF-A78A-EC8FAF17BA58}.Release|x86.ActiveCfg = Release|Win32
		{E860EA9A-2DC5-48EF-A78A-EC8FAF17BA58}.Release|x86.Build.0 = Release|Win32
		{51CD2CB9-D450-4F74-8E89-04FDC70CFD1E}.Debug|x64.ActiveCfg = Debug|x64
		{51CD2CB9-D450-4F74-8E89-04FDC70CFD1E}.Debug|x64.Build.0 = Debug|x64
		{51CD2CB9-D450-4F74-8E89-04FDC70CFD1E}.Debug|x86.ActiveCfg = Debug|Win32
		{51CD2CB9-D450-4F74-8E89-04FDC70CFD1E}.Debug|x86.Build.0 = Debug|Win32
		{51CD2CB9-D450-4F74-8E89-04FDC70CFD1E}.Release|x64.ActiveCfg = Release|x64
		{51CD2CB9-D450-4F74-8E89-04FDC70CFD1E}.Release|x64.Build.0 = Release|x64
		{51CD2CB9-D450-4F74-8E89-04FDC70CFD1E}.Release|x86.ActiveCfg = Release|Win32
		{51CD2CB9-D450-4F74-8E89-04FDC70CFD1E}.Release|x86.Build.0 = Release|Win32
		{96E72E60-FCE3-424A-8E86-6122820DB4E8}.Debug|x64.ActiveCfg = Debug|x64
		{96E72E60-FCE3-424A-8E86-6122820DB4E8}.Debug|x64.Build.0 = Debug|x64
		{96E72E60-FCE3-424A-8E86-6122820DB4E8}.Debug|x86.ActiveCfg = Debug|Win32
		{96E72E60-FCE3-424A-8E86-6122820DB4E8}.Debug|x86.Build.0 = Debug|Win32
		{96E72E60-FCE3-424A-8E86-6122820DB4E8}.Release|x64.ActiveCfg = Release|x64
		{96E72E60-FCE3-424A-8E86-6122820DB4E8}.Release|x64.Build.0 = Release|x64
		{96E72E60-FCE3-424A-8E86-6122820DB4E8}.Release|x86.ActiveCfg = Release|Win32
		{96E72E60-FCE3-424A-8E86-6122820DB4E8}.Release|x86.Build.0 = Release|Win32
		{6EFB5544-5578-4362-BCCB-0A1BD4D507BA}.Debug|x64.ActiveCfg = Debug|x64
		{6EFB5544-5578-4362-BCCB-0A1BD4D507BA}.Debug|x64.Build.0 = Debug|x64
		{6EFB5544-5578-4362-BCCB-0A1BD4D507BA}.Debug|x86.ActiveCfg = Debug|Win32
		{6EFB5544-5578-4362-BCCB-0A1BD4D507BA}.Debug|x86.Build.0 = Debug|Win32
		{6EFB5544-5578-4362-BCCB-0A1BD4D507BA}.Release|x64.ActiveCfg = Release|x64
		{6EFB5544-5578-4362-BCCB-0A1BD4D507BA}.Release|x64.Build.0 = Release|x64
		{6EFB5544-5578-4362-BCCB-0A1BD4D507BA}.Release|x86.ActiveCfg = Release|Win32
		{6EFB5544-5578-4362-BCCB-0A1BD4D507BA}.Release|x86.Build.0 = Release|Win32
		{A6740A23-C75E-425E-AF3B-3D09BD3F98D0}.Debug|x64.ActiveCfg = Debug|x64
		{A6740A23-C75E-425E-AF3B-3D09BD3F98D0}.Debug|x64.Build.0 = Debug|x64
		{A6740A23-C75E-425E-AF3B-3D09BD3F98D0}.Debug|x86.ActiveCfg = Debug|Win32
		{A6740A23-C75E-425E-AF3B-3D09BD3F98D0}.Debug|x86.Build.0 = Debug|Win32
		{A6740A23-C75E-425E-AF3B-3D09BD3F98D0}.Release|x64.ActiveCfg = Release|x64
		{A6740A23-C75E-425E-AF3B-3D09BD3F98D0}.Release|x64.Build.0 = Release|x64
		{A6740A23-C75E-425E-AF3B-3D09BD3F98D0}.Release|x86.ActiveCfg = Release|Win32
		{A6740A23-C75E-425E-AF3B-3D09BD3F98D0}.Release|x86.Build.0 = Release|Win32
		{E0832908-7BF3-4F6A-B58F-9C472A4E1155}.Debug|x64.ActiveCfg = Debug|x64
		{E0832908-7BF3-4F6A-B58F-9C472A4E1155}.Debug|x64.Build.0 = Debug|x64
		{E0832908-7BF3-4F6A-B58F-9C472A4E1155}.Debug|x86.ActiveCfg = Debug|Win32
		{E0832908-7BF3-4F6A-B58F-9C472A4E1155}.Debug|x86.Build.0 = Debug|Win32
		{E0832908-7BF3-4F6A-B58F-9C472A4E1155}.Release|x64.ActiveCfg = Release|x64
		{E0832908-7BF3-4F6A-B58F-9C472A4E1155}.Release|x64.Build.0 = Release|x64
		{E0832908-7BF3-4F6A-B58F-9C472A4E1155}.Release|x86.ActiveCfg = Release|Win32
		{E0832908-7BF3-4F6A-B58F-9C472A4E1155}.Release|x86.Build.0 = Release|Win32
		{B0F75D09-7AF1-40CB-8C6A-7798A203B06E}.Debug|x64.ActiveCfg = Debug|x64
		{B0F75D09-7AF1-40CB-8C6A-7798A203B06E}.Debug|x64.Build.0 = Debug|x64
		{B0F75D09-7AF1-40CB-8C6A-7798A203B06E}.Debug|x86.ActiveCfg = Debug|Win32
		{B0F75D09-7AF1-40CB-8C6A-7798A203B06E}.Debug|x86.Build.0 = Debug|Win32
		{B0F75D09-7AF1-40CB-8C6A-7798A203B06E}.Release|x64.ActiveCfg = Release|x64
		{B0F75D09-7AF1-40CB-8C6A-7798A203B06E}.Release|x64.Build.0 = Release|x64
		{B0F75D09-7AF1-40CB-8C6A-7798A203B06E}.Release|x86.ActiveCfg = Release|Win32
		{B0F75D09-7AF1-40CB-8C6A-7798A203B06E}.Release|x86.Build.0 = Release|Win32
		{821FBB48-56CD-4873-9538-5E7641946200}.Debug|x64.ActiveCfg = Debug|x64
		{821FBB48-56CD-4873-9538-5E7641946200}.Debug|x64.Build.0 = Debug|x64
		{821FBB48-56CD-4873-9538-5E7641946200}.Debug|x86.ActiveCfg = Debug|Win32
		{821FBB48-56CD-4873-9538-5E7641946200}.Debug|x86.Build.0 = Debug|Win32
		{821FBB48-56CD-4873-9538-5E7641946200}.Release|x64.ActiveCfg = Release|x64
		{821FBB48-56CD-4873-9538-5E7641946200}.Release|x64.Build.0 = Release|x64
		{821FBB48-56CD-4873-9538-5E7641946200}.Release|x86.ActiveCfg = Release|Win32
		{821FBB48-56CD-4873-9538-5E7641946200}.Release|x86.Build.0 = Release|Win32
		{5599AD4E-94C4-4877-9D10-3D1990F7675A}.Debug|x64.ActiveCfg = Debug|x64
		{5599AD4E-94C4-4877-9D10-3D1990F7675A}.Debug|x64.Build.0 = Debug|x64
		{5599AD4E-94C4-4877-9D10-3D1990F7675A}.Debug|x86.ActiveCfg = Debug|Win32
		{5599AD4E-94C4-4877-9D10-3D1990F7675A}.Debug|x86.Build.0 = Debug|Win32
		{5599AD4E-94C4-4877-9D10-3D1990F7675A}.Release|x64.ActiveCfg = Release|x64
		{5599AD4E-94C4-4877-9D10-3D1990F7675A}.Release|x64.Build.0 = Release|x64
		{5599AD4E-94C4-4877-9D10-3D1990F7675A}.Release|x86.ActiveCfg = Release|Win32
		{5599AD4E-94C4-4877-9D10-3D1990F7675A}.Release|x86.Build.0 = Release|Win32
		{625C3E3C-D771-438A-9099-60F10C99033B}.Debug|x64.ActiveCfg = Debug|x64
		{625C3E3C-D771-438A-9099-60F10C99033B}.Debug|x64.Build.0 = Debug|x64
		{625C3E3C-D771-438A-9099-60F10C99033B}.Debug|x86.ActiveCfg = Debug|Win32
		{625C3E3C-D771-438A-9099-60F10C99033B}.Debug|x86.Build.0 = Debug|Win32
		{625C3E3C-D771-438A-9099-60F10C99033B}.Release|x64.ActiveCfg = Release|x64
		{625C3E3C-D771-438A-9099-60F10C99033B}.Release|x64.Build.0 = Release|x64
		{625C3E3C-D771-438A-9099-60F10C99033B}.Release|x86.ActiveCfg = Release|Win32
		{625C3E3C-D771-438A-9099-60F10C99033B}.Release|x86.Build.0 = Release|Win32
		{41BBCD7D-2952-4CD2-AACA-827648FC9722}.Debug|x64.ActiveCfg = Debug|x64
		{41BBCD7D-2952-4CD2-AACA-827648FC9722}.Debug|x64.Build.0 = Debug|x64
		{41BBCD7D-2952-4CD2-AACA-827648FC9722}.Debug|x86.ActiveCfg = Debug|Win32
		{41BBCD7D-2952-4CD2-AACA-827648FC9722}.Debug|x86.Build.0 = Debug|Win32
		{41BBCD7D-2952-4CD2-AACA-827648FC9722}.Release|x64.ActiveCfg = Release|x64
		{41BBCD7D-2952-4CD2-AACA-827648FC9722}.Release|x64.Build.0 = Release|x64
		{41BBCD7D-2952-4CD2-AACA-827648FC9722}.Release|x86.ActiveCfg = Release|Win32
		{41BBCD7D-2952-4CD2-AACA-827648FC9722}.Release|x86.Build.0 = Release|Win32
	EndGlobalSection
	GlobalSection(SolutionProperties) = preSolution
		HideSolutionNode = FALSE
	EndGlobalSection
	GlobalSection(ExtensibilityGlobals) = postSolution
		SolutionGuid = {E3F10348-F168-46C7-A64A-84F5A5FF3937}
	EndGlobalSection
EndGlobal
